schema: '2.0'
stages:
  get_data:
    cmd: python src/stage_01_get_data.py --config=configs/config.yaml
    deps:
    - path: configs/config.yaml
      md5: 85476b4565e7bb7db2464ceeee42b7cc
      size: 494
    - path: src/stage_01_get_data.py
      md5: 39b02f94973a262a3a9e005ecc20d106
      size: 1541
    - path: src/utils/common.py
      md5: 107da4b2ce8fab47ab21b59fac9366e1
      size: 1799
    outs:
    - path: data/Cat
      md5: 2d5287b1144a1f2525e08270ecc0295d.dir
      size: 4424672
      nfiles: 152
    - path: data/Dog
      md5: 98dc7961696ec010808eaf43de00504e.dir
      size: 5905706
      nfiles: 153
  prepare_base_model:
    cmd: python src/stage_02_prepare_base_model.py --config=configs/config.yaml --params=params.yaml
    deps:
    - path: configs/config.yaml
      md5: 85476b4565e7bb7db2464ceeee42b7cc
      size: 494
    - path: src/stage_02_prepare_base_model.py
      md5: 036b0ea1aaaf915b8bfe35d8f0522391
      size: 2418
    - path: src/utils/common.py
      md5: 107da4b2ce8fab47ab21b59fac9366e1
      size: 1799
    - path: src/utils/model.py
      md5: 1424a63d96ccd53a701d393238458085
      size: 2672
    params:
      params.yaml:
        IMAGE_SIZE:
        - 224
        - 224
        - 3
        LEARNING_RATE: 0.001
    outs:
    - path: artifacts/base_model/base_model.h5
      md5: 92af0f0cffa7813be44c46eb5cdc8a52
      size: 58920272
    - path: artifacts/base_model/updated_base_model.h5
      md5: 5a6614ac6a66d4d43ae02b9451576d8d
      size: 59132008
